
Microsoft Visual Studio Solution File, Format Version 12.00
# Visual Studio Version 17
VisualStudioVersion = 17.0.31903.59
MinimumVisualStudioVersion = 10.0.40219.1
Project("{2150E333-8FDC-42A3-9474-1A3956D46DE8}") = "src", "src", "{827E0CD3-B72D-47B6-A68D-7590B98EB39B}"
EndProject
Project("{FAE04EC0-301F-11D3-BF4B-00C04F79EFBC}") = "TheUpperRoom.Application", "src\TheUpperRoom.Application\TheUpperRoom.Application.csproj", "{46EE9C05-C8D1-4D9D-914B-236201D61007}"
EndProject
Project("{FAE04EC0-301F-11D3-BF4B-00C04F79EFBC}") = "TheUpperRoom.Domain", "src\TheUpperRoom.Domain\TheUpperRoom.Domain.csproj", "{AD81B8F0-4D53-4C11-8845-8681831E6A74}"
EndProject
Project("{2150E333-8FDC-42A3-9474-1A3956D46DE8}") = "tests", "tests", "{0AB3BF05-4346-4AA6-1389-037BE0695223}"
EndProject
Project("{FAE04EC0-301F-11D3-BF4B-00C04F79EFBC}") = "TheUpperRoom.Api.Tests", "tests\TheUpperRoom.Api.Tests\TheUpperRoom.Api.Tests.csproj", "{466441CE-2619-4432-B79F-A34B206922F8}"
EndProject
Project("{FAE04EC0-301F-11D3-BF4B-00C04F79EFBC}") = "TheUpperRoom.Api", "src\TheUpperRoom.Api\TheUpperRoom.Api.csproj", "{893AF366-88C2-4B62-86D6-375C1C937F39}"
EndProject
Project("{FAE04EC0-301F-11D3-BF4B-00C04F79EFBC}") = "TheUpperRoom.Infrastructure", "src\TheUpperRoom.Infrastructure\TheUpperRoom.Infrastructure.csproj", "{DFD6CC15-A72B-4AEA-B78D-83E4E2F32028}"
EndProject
Project("{FAE04EC0-301F-11D3-BF4B-00C04F79EFBC}") = "TheUpperRoom.Application.Tests", "tests\TheUpperRoom.Application.Tests\TheUpperRoom.Application.Tests.csproj", "{99DAD2D3-F03A-4BA0-B536-63BC5952E123}"
EndProject
Project("{FAE04EC0-301F-11D3-BF4B-00C04F79EFBC}") = "TheUpperRoom.Domain.Tests", "tests\TheUpperRoom.Domain.Tests\TheUpperRoom.Domain.Tests.csproj", "{7CA4A5E4-D005-4A98-B3A8-CE668612DB6A}"
EndProject
Project("{FAE04EC0-301F-11D3-BF4B-00C04F79EFBC}") = "TheUpperRoom.Infrastructure.Tests", "tests\TheUpperRoom.Infrastructure.Tests\TheUpperRoom.Infrastructure.Tests.csproj", "{0EF612D2-C150-46B9-A25C-1CFDF95FA467}"
EndProject
Project("{FAE04EC0-301F-11D3-BF4B-00C04F79EFBC}") = "TheUpperRoom.Contracts", "src\TheUpperRoom.Contracts\TheUpperRoom.Contracts.csproj", "{3480E0A0-DD3F-447B-9682-0BF604DD21F2}"
EndProject
Global
	GlobalSection(SolutionConfigurationPlatforms) = preSolution
		Debug|Any CPU = Debug|Any CPU
		Debug|x64 = Debug|x64
		Debug|x86 = Debug|x86
		Release|Any CPU = Release|Any CPU
		Release|x64 = Release|x64
		Release|x86 = Release|x86
	EndGlobalSection
	GlobalSection(ProjectConfigurationPlatforms) = postSolution
		{46EE9C05-C8D1-4D9D-914B-236201D61007}.Debug|Any CPU.ActiveCfg = Debug|Any CPU
		{46EE9C05-C8D1-4D9D-914B-236201D61007}.Debug|Any CPU.Build.0 = Debug|Any CPU
		{46EE9C05-C8D1-4D9D-914B-236201D61007}.Debug|x64.ActiveCfg = Debug|Any CPU
		{46EE9C05-C8D1-4D9D-914B-236201D61007}.Debug|x64.Build.0 = Debug|Any CPU
		{46EE9C05-C8D1-4D9D-914B-236201D61007}.Debug|x86.ActiveCfg = Debug|Any CPU
		{46EE9C05-C8D1-4D9D-914B-236201D61007}.Debug|x86.Build.0 = Debug|Any CPU
		{46EE9C05-C8D1-4D9D-914B-236201D61007}.Release|Any CPU.ActiveCfg = Release|Any CPU
		{46EE9C05-C8D1-4D9D-914B-236201D61007}.Release|Any CPU.Build.0 = Release|Any CPU
		{46EE9C05-C8D1-4D9D-914B-236201D61007}.Release|x64.ActiveCfg = Release|Any CPU
		{46EE9C05-C8D1-4D9D-914B-236201D61007}.Release|x64.Build.0 = Release|Any CPU
		{46EE9C05-C8D1-4D9D-914B-236201D61007}.Release|x86.ActiveCfg = Release|Any CPU
		{46EE9C05-C8D1-4D9D-914B-236201D61007}.Release|x86.Build.0 = Release|Any CPU
		{AD81B8F0-4D53-4C11-8845-8681831E6A74}.Debug|Any CPU.ActiveCfg = Debug|Any CPU
		{AD81B8F0-4D53-4C11-8845-8681831E6A74}.Debug|Any CPU.Build.0 = Debug|Any CPU
		{AD81B8F0-4D53-4C11-8845-8681831E6A74}.Debug|x64.ActiveCfg = Debug|Any CPU
		{AD81B8F0-4D53-4C11-8845-8681831E6A74}.Debug|x64.Build.0 = Debug|Any CPU
		{AD81B8F0-4D53-4C11-8845-8681831E6A74}.Debug|x86.ActiveCfg = Debug|Any CPU
		{AD81B8F0-4D53-4C11-8845-8681831E6A74}.Debug|x86.Build.0 = Debug|Any CPU
		{AD81B8F0-4D53-4C11-8845-8681831E6A74}.Release|Any CPU.ActiveCfg = Release|Any CPU
		{AD81B8F0-4D53-4C11-8845-8681831E6A74}.Release|Any CPU.Build.0 = Release|Any CPU
		{AD81B8F0-4D53-4C11-8845-8681831E6A74}.Release|x64.ActiveCfg = Release|Any CPU
		{AD81B8F0-4D53-4C11-8845-8681831E6A74}.Release|x64.Build.0 = Release|Any CPU
		{AD81B8F0-4D53-4C11-8845-8681831E6A74}.Release|x86.ActiveCfg = Release|Any CPU
		{AD81B8F0-4D53-4C11-8845-8681831E6A74}.Release|x86.Build.0 = Release|Any CPU
		{466441CE-2619-4432-B79F-A34B206922F8}.Debug|Any CPU.ActiveCfg = Debug|Any CPU
		{466441CE-2619-4432-B79F-A34B206922F8}.Debug|Any CPU.Build.0 = Debug|Any CPU
		{466441CE-2619-4432-B79F-A34B206922F8}.Debug|x64.ActiveCfg = Debug|Any CPU
		{466441CE-2619-4432-B79F-A34B206922F8}.Debug|x64.Build.0 = Debug|Any CPU
		{466441CE-2619-4432-B79F-A34B206922F8}.Debug|x86.ActiveCfg = Debug|Any CPU
		{466441CE-2619-4432-B79F-A34B206922F8}.Debug|x86.Build.0 = Debug|Any CPU
		{466441CE-2619-4432-B79F-A34B206922F8}.Release|Any CPU.ActiveCfg = Release|Any CPU
		{466441CE-2619-4432-B79F-A34B206922F8}.Release|Any CPU.Build.0 = Release|Any CPU
		{466441CE-2619-4432-B79F-A34B206922F8}.Release|x64.ActiveCfg = Release|Any CPU
		{466441CE-2619-4432-B79F-A34B206922F8}.Release|x64.Build.0 = Release|Any CPU
		{466441CE-2619-4432-B79F-A34B206922F8}.Release|x86.ActiveCfg = Release|Any CPU
		{466441CE-2619-4432-B79F-A34B206922F8}.Release|x86.Build.0 = Release|Any CPU
		{893AF366-88C2-4B62-86D6-375C1C937F39}.Debug|Any CPU.ActiveCfg = Debug|Any CPU
		{893AF366-88C2-4B62-86D6-375C1C937F39}.Debug|Any CPU.Build.0 = Debug|Any CPU
		{893AF366-88C2-4B62-86D6-375C1C937F39}.Debug|x64.ActiveCfg = Debug|Any CPU
		{893AF366-88C2-4B62-86D6-375C1C937F39}.Debug|x64.Build.0 = Debug|Any CPU
		{893AF366-88C2-4B62-86D6-375C1C937F39}.Debug|x86.ActiveCfg = Debug|Any CPU
		{893AF366-88C2-4B62-86D6-375C1C937F39}.Debug|x86.Build.0 = Debug|Any CPU
		{893AF366-88C2-4B62-86D6-375C1C937F39}.Release|Any CPU.ActiveCfg = Release|Any CPU
		{893AF366-88C2-4B62-86D6-375C1C937F39}.Release|Any CPU.Build.0 = Release|Any CPU
		{893AF366-88C2-4B62-86D6-375C1C937F39}.Release|x64.ActiveCfg = Release|Any CPU
		{893AF366-88C2-4B62-86D6-375C1C937F39}.Release|x64.Build.0 = Release|Any CPU
		{893AF366-88C2-4B62-86D6-375C1C937F39}.Release|x86.ActiveCfg = Release|Any CPU
		{893AF366-88C2-4B62-86D6-375C1C937F39}.Release|x86.Build.0 = Release|Any CPU
		{DFD6CC15-A72B-4AEA-B78D-83E4E2F32028}.Debug|Any CPU.ActiveCfg = Debug|Any CPU
		{DFD6CC15-A72B-4AEA-B78D-83E4E2F32028}.Debug|Any CPU.Build.0 = Debug|Any CPU
		{DFD6CC15-A72B-4AEA-B78D-83E4E2F32028}.Debug|x64.ActiveCfg = Debug|Any CPU
		{DFD6CC15-A72B-4AEA-B78D-83E4E2F32028}.Debug|x64.Build.0 = Debug|Any CPU
		{DFD6CC15-A72B-4AEA-B78D-83E4E2F32028}.Debug|x86.ActiveCfg = Debug|Any CPU
		{DFD6CC15-A72B-4AEA-B78D-83E4E2F32028}.Debug|x86.Build.0 = Debug|Any CPU
		{DFD6CC15-A72B-4AEA-B78D-83E4E2F32028}.Release|Any CPU.ActiveCfg = Release|Any CPU
		{DFD6CC15-A72B-4AEA-B78D-83E4E2F32028}.Release|Any CPU.Build.0 = Release|Any CPU
		{DFD6CC15-A72B-4AEA-B78D-83E4E2F32028}.Release|x64.ActiveCfg = Release|Any CPU
		{DFD6CC15-A72B-4AEA-B78D-83E4E2F32028}.Release|x64.Build.0 = Release|Any CPU
		{DFD6CC15-A72B-4AEA-B78D-83E4E2F32028}.Release|x86.ActiveCfg = Release|Any CPU
		{DFD6CC15-A72B-4AEA-B78D-83E4E2F32028}.Release|x86.Build.0 = Release|Any CPU
		{99DAD2D3-F03A-4BA0-B536-63BC5952E123}.Debug|Any CPU.ActiveCfg = Debug|Any CPU
		{99DAD2D3-F03A-4BA0-B536-63BC5952E123}.Debug|Any CPU.Build.0 = Debug|Any CPU
		{99DAD2D3-F03A-4BA0-B536-63BC5952E123}.Debug|x64.ActiveCfg = Debug|Any CPU
		{99DAD2D3-F03A-4BA0-B536-63BC5952E123}.Debug|x64.Build.0 = Debug|Any CPU
		{99DAD2D3-F03A-4BA0-B536-63BC5952E123}.Debug|x86.ActiveCfg = Debug|Any CPU
		{99DAD2D3-F03A-4BA0-B536-63BC5952E123}.Debug|x86.Build.0 = Debug|Any CPU
		{99DAD2D3-F03A-4BA0-B536-63BC5952E123}.Release|Any CPU.ActiveCfg = Release|Any CPU
		{99DAD2D3-F03A-4BA0-B536-63BC5952E123}.Release|Any CPU.Build.0 = Release|Any CPU
		{99DAD2D3-F03A-4BA0-B536-63BC5952E123}.Release|x64.ActiveCfg = Release|Any CPU
		{99DAD2D3-F03A-4BA0-B536-63BC5952E123}.Release|x64.Build.0 = Release|Any CPU
		{99DAD2D3-F03A-4BA0-B536-63BC5952E123}.Release|x86.ActiveCfg = Release|Any CPU
		{99DAD2D3-F03A-4BA0-B536-63BC5952E123}.Release|x86.Build.0 = Release|Any CPU
		{7CA4A5E4-D005-4A98-B3A8-CE668612DB6A}.Debug|Any CPU.ActiveCfg = Debug|Any CPU
		{7CA4A5E4-D005-4A98-B3A8-CE668612DB6A}.Debug|Any CPU.Build.0 = Debug|Any CPU
		{7CA4A5E4-D005-4A98-B3A8-CE668612DB6A}.Debug|x64.ActiveCfg = Debug|Any CPU
		{7CA4A5E4-D005-4A98-B3A8-CE668612DB6A}.Debug|x64.Build.0 = Debug|Any CPU
		{7CA4A5E4-D005-4A98-B3A8-CE668612DB6A}.Debug|x86.ActiveCfg = Debug|Any CPU
		{7CA4A5E4-D005-4A98-B3A8-CE668612DB6A}.Debug|x86.Build.0 = Debug|Any CPU
		{7CA4A5E4-D005-4A98-B3A8-CE668612DB6A}.Release|Any CPU.ActiveCfg = Release|Any CPU
		{7CA4A5E4-D005-4A98-B3A8-CE668612DB6A}.Release|Any CPU.Build.0 = Release|Any CPU
		{7CA4A5E4-D005-4A98-B3A8-CE668612DB6A}.Release|x64.ActiveCfg = Release|Any CPU
		{7CA4A5E4-D005-4A98-B3A8-CE668612DB6A}.Release|x64.Build.0 = Release|Any CPU
		{7CA4A5E4-D005-4A98-B3A8-CE668612DB6A}.Release|x86.ActiveCfg = Release|Any CPU
		{7CA4A5E4-D005-4A98-B3A8-CE668612DB6A}.Release|x86.Build.0 = Release|Any CPU
		{0EF612D2-C150-46B9-A25C-1CFDF95FA467}.Debug|Any CPU.ActiveCfg = Debug|Any CPU
		{0EF612D2-C150-46B9-A25C-1CFDF95FA467}.Debug|Any CPU.Build.0 = Debug|Any CPU
		{0EF612D2-C150-46B9-A25C-1CFDF95FA467}.Debug|x64.ActiveCfg = Debug|Any CPU
		{0EF612D2-C150-46B9-A25C-1CFDF95FA467}.Debug|x64.Build.0 = Debug|Any CPU
		{0EF612D2-C150-46B9-A25C-1CFDF95FA467}.Debug|x86.ActiveCfg = Debug|Any CPU
		{0EF612D2-C150-46B9-A25C-1CFDF95FA467}.Debug|x86.Build.0 = Debug|Any CPU
		{0EF612D2-C150-46B9-A25C-1CFDF95FA467}.Release|Any CPU.ActiveCfg = Release|Any CPU
		{0EF612D2-C150-46B9-A25C-1CFDF95FA467}.Release|Any CPU.Build.0 = Release|Any CPU
		{0EF612D2-C150-46B9-A25C-1CFDF95FA467}.Release|x64.ActiveCfg = Release|Any CPU
		{0EF612D2-C150-46B9-A25C-1CFDF95FA467}.Release|x64.Build.0 = Release|Any CPU
		{0EF612D2-C150-46B9-A25C-1CFDF95FA467}.Release|x86.ActiveCfg = Release|Any CPU
		{0EF612D2-C150-46B9-A25C-1CFDF95FA467}.Release|x86.Build.0 = Release|Any CPU
		{3480E0A0-DD3F-447B-9682-0BF604DD21F2}.Debug|Any CPU.ActiveCfg = Debug|Any CPU
		{3480E0A0-DD3F-447B-9682-0BF604DD21F2}.Debug|Any CPU.Build.0 = Debug|Any CPU
		{3480E0A0-DD3F-447B-9682-0BF604DD21F2}.Debug|x64.ActiveCfg = Debug|Any CPU
		{3480E0A0-DD3F-447B-9682-0BF604DD21F2}.Debug|x64.Build.0 = Debug|Any CPU
		{3480E0A0-DD3F-447B-9682-0BF604DD21F2}.Debug|x86.ActiveCfg = Debug|Any CPU
		{3480E0A0-DD3F-447B-9682-0BF604DD21F2}.Debug|x86.Build.0 = Debug|Any CPU
		{3480E0A0-DD3F-447B-9682-0BF604DD21F2}.Release|Any CPU.ActiveCfg = Release|Any CPU
		{3480E0A0-DD3F-447B-9682-0BF604DD21F2}.Release|Any CPU.Build.0 = Release|Any CPU
		{3480E0A0-DD3F-447B-9682-0BF604DD21F2}.Release|x64.ActiveCfg = Release|Any CPU
		{3480E0A0-DD3F-447B-9682-0BF604DD21F2}.Release|x64.Build.0 = Release|Any CPU
		{3480E0A0-DD3F-447B-9682-0BF604DD21F2}.Release|x86.ActiveCfg = Release|Any CPU
		{3480E0A0-DD3F-447B-9682-0BF604DD21F2}.Release|x86.Build.0 = Release|Any CPU
	EndGlobalSection
	GlobalSection(SolutionProperties) = preSolution
		HideSolutionNode = FALSE
	EndGlobalSection
	GlobalSection(NestedProjects) = preSolution
		{46EE9C05-C8D1-4D9D-914B-236201D61007} = {827E0CD3-B72D-47B6-A68D-7590B98EB39B}
		{AD81B8F0-4D53-4C11-8845-8681831E6A74} = {827E0CD3-B72D-47B6-A68D-7590B98EB39B}
		{466441CE-2619-4432-B79F-A34B206922F8} = {0AB3BF05-4346-4AA6-1389-037BE0695223}
		{893AF366-88C2-4B62-86D6-375C1C937F39} = {827E0CD3-B72D-47B6-A68D-7590B98EB39B}
		{DFD6CC15-A72B-4AEA-B78D-83E4E2F32028} = {827E0CD3-B72D-47B6-A68D-7590B98EB39B}
		{99DAD2D3-F03A-4BA0-B536-63BC5952E123} = {0AB3BF05-4346-4AA6-1389-037BE0695223}
		{7CA4A5E4-D005-4A98-B3A8-CE668612DB6A} = {0AB3BF05-4346-4AA6-1389-037BE0695223}
		{0EF612D2-C150-46B9-A25C-1CFDF95FA467} = {0AB3BF05-4346-4AA6-1389-037BE0695223}
		{3480E0A0-DD3F-447B-9682-0BF604DD21F2} = {827E0CD3-B72D-47B6-A68D-7590B98EB39B}
	EndGlobalSection
EndGlobal
